
Microsoft Visual Studio Solution File, Format Version 12.00
# Visual Studio Version 16
VisualStudioVersion = 16.0.30611.23
MinimumVisualStudioVersion = 10.0.40219.1
Project("{9A19103F-16F7-4668-BE54-9A1E7A4F7556}") = "OOP1", "OOP1\OOP1.csproj", "{89FD9E92-A551-4DFD-BA48-4442094CC0CD}"
EndProject
Project("{9A19103F-16F7-4668-BE54-9A1E7A4F7556}") = "Koleksiyonlar", "Koleksiyonlar\Koleksiyonlar.csproj", "{FD8B7304-4C92-4D15-9CE2-26C29B34B2A3}"
EndProject
Project("{9A19103F-16F7-4668-BE54-9A1E7A4F7556}") = "GenericsIntro", "GenericsIntro\GenericsIntro.csproj", "{8C76BFF7-F0B1-46A4-8213-EA833616952C}"
EndProject
Project("{9A19103F-16F7-4668-BE54-9A1E7A4F7556}") = "MyDictionary", "MyDictionary\MyDictionary.csproj", "{5D9547C0-42CA-40DE-B79F-02556C63C73F}"
EndProject
Project("{9A19103F-16F7-4668-BE54-9A1E7A4F7556}") = "OOP2", "OOP2\OOP2.csproj", "{330FF6AD-6C67-46CE-8383-7D8C33014DE5}"
EndProject
Project("{9A19103F-16F7-4668-BE54-9A1E7A4F7556}") = "OOP3", "OOP3\OOP3.csproj", "{D655499D-8D18-4B7B-9C3E-2BB343EA5BCE}"
EndProject
Project("{FAE04EC0-301F-11D3-BF4B-00C04F79EFBC}") = "GameDemo", "GameDemo\GameDemo.csproj", "{944AF411-16D4-462E-A0F5-C6D4BDCD798F}"
EndProject
Project("{2150E333-8FDC-42A3-9474-1A3956D46DE8}") = "Solution Items", "Solution Items", "{CA18B6DE-FC3B-47CF-B253-F24C5A17056D}"
	ProjectSection(SolutionItems) = preProject
		.editorconfig = .editorconfig
	EndProjectSection
EndProject
Global
	GlobalSection(SolutionConfigurationPlatforms) = preSolution
		Debug|Any CPU = Debug|Any CPU
		Release|Any CPU = Release|Any CPU
	EndGlobalSection
	GlobalSection(ProjectConfigurationPlatforms) = postSolution
		{89FD9E92-A551-4DFD-BA48-4442094CC0CD}.Debug|Any CPU.ActiveCfg = Debug|Any CPU
		{89FD9E92-A551-4DFD-BA48-4442094CC0CD}.Debug|Any CPU.Build.0 = Debug|Any CPU
		{89FD9E92-A551-4DFD-BA48-4442094CC0CD}.Release|Any CPU.ActiveCfg = Release|Any CPU
		{89FD9E92-A551-4DFD-BA48-4442094CC0CD}.Release|Any CPU.Build.0 = Release|Any CPU
		{FD8B7304-4C92-4D15-9CE2-26C29B34B2A3}.Debug|Any CPU.ActiveCfg = Debug|Any CPU
		{FD8B7304-4C92-4D15-9CE2-26C29B34B2A3}.Debug|Any CPU.Build.0 = Debug|Any CPU
		{FD8B7304-4C92-4D15-9CE2-26C29B34B2A3}.Release|Any CPU.ActiveCfg = Release|Any CPU
		{FD8B7304-4C92-4D15-9CE2-26C29B34B2A3}.Release|Any CPU.Build.0 = Release|Any CPU
		{8C76BFF7-F0B1-46A4-8213-EA833616952C}.Debug|Any CPU.ActiveCfg = Debug|Any CPU
		{8C76BFF7-F0B1-46A4-8213-EA833616952C}.Debug|Any CPU.Build.0 = Debug|Any CPU
		{8C76BFF7-F0B1-46A4-8213-EA833616952C}.Release|Any CPU.ActiveCfg = Release|Any CPU
		{8C76BFF7-F0B1-46A4-8213-EA833616952C}.Release|Any CPU.Build.0 = Release|Any CPU
		{5D9547C0-42CA-40DE-B79F-02556C63C73F}.Debug|Any CPU.ActiveCfg = Debug|Any CPU
		{5D9547C0-42CA-40DE-B79F-02556C63C73F}.Debug|Any CPU.Build.0 = Debug|Any CPU
		{5D9547C0-42CA-40DE-B79F-02556C63C73F}.Release|Any CPU.ActiveCfg = Release|Any CPU
		{5D9547C0-42CA-40DE-B79F-02556C63C73F}.Release|Any CPU.Build.0 = Release|Any CPU
		{330FF6AD-6C67-46CE-8383-7D8C33014DE5}.Debug|Any CPU.ActiveCfg = Debug|Any CPU
		{330FF6AD-6C67-46CE-8383-7D8C33014DE5}.Debug|Any CPU.Build.0 = Debug|Any CPU
		{330FF6AD-6C67-46CE-8383-7D8C33014DE5}.Release|Any CPU.ActiveCfg = Release|Any CPU
		{330FF6AD-6C67-46CE-8383-7D8C33014DE5}.Release|Any CPU.Build.0 = Release|Any CPU
		{D655499D-8D18-4B7B-9C3E-2BB343EA5BCE}.Debug|Any CPU.ActiveCfg = Debug|Any CPU
		{D655499D-8D18-4B7B-9C3E-2BB343EA5BCE}.Debug|Any CPU.Build.0 = Debug|Any CPU
		{D655499D-8D18-4B7B-9C3E-2BB343EA5BCE}.Release|Any CPU.ActiveCfg = Release|Any CPU
		{D655499D-8D18-4B7B-9C3E-2BB343EA5BCE}.Release|Any CPU.Build.0 = Release|Any CPU
		{944AF411-16D4-462E-A0F5-C6D4BDCD798F}.Debug|Any CPU.ActiveCfg = Debug|Any CPU
		{944AF411-16D4-462E-A0F5-C6D4BDCD798F}.Debug|Any CPU.Build.0 = Debug|Any CPU
		{944AF411-16D4-462E-A0F5-C6D4BDCD798F}.Release|Any CPU.ActiveCfg = Release|Any CPU
		{944AF411-16D4-462E-A0F5-C6D4BDCD798F}.Release|Any CPU.Build.0 = Release|Any CPU
	EndGlobalSection
	GlobalSection(SolutionProperties) = preSolution
		HideSolutionNode = FALSE
	EndGlobalSection
	GlobalSection(ExtensibilityGlobals) = postSolution
		SolutionGuid = {9EB2315E-36B1-4627-B390-B643E5FDBC38}
	EndGlobalSection
EndGlobal
